// !$*UTF8*$!
{
	archiveVersion = 1;
	classes = {
	};
	objectVersion = 77;
	objects = {

/* Begin PBXBuildFile section */
		44D4C1912D4F938E00FF3613 /* GoogleService-Info.plist in Resources */ = {isa = PBXBuildFile; fileRef = 44D4C1902D4F938E00FF3613 /* GoogleService-Info.plist */; };
		5F7D21FC31DC4FF57AC3BE47 /* Pods_Sun_and_Serve_Tennis_Club_Sun_and_Serve_Tennis_ClubUITests.framework in Frameworks */ = {isa = PBXBuildFile; fileRef = EF8232408A56C16999819960 /* Pods_Sun_and_Serve_Tennis_Club_Sun_and_Serve_Tennis_ClubUITests.framework */; };
		83275FE86D80CB3469626810 /* Pods_Sun_and_Serve_Tennis_Club.framework in Frameworks */ = {isa = PBXBuildFile; fileRef = 6F69FAEAB231EBFBA373B865 /* Pods_Sun_and_Serve_Tennis_Club.framework */; };
		DCEB3E92FEEADF40E0D043DB /* Pods_Sun_and_Serve_Tennis_ClubTests.framework in Frameworks */ = {isa = PBXBuildFile; fileRef = B3F9BB00759E67574FB2AE2C /* Pods_Sun_and_Serve_Tennis_ClubTests.framework */; };
/* End PBXBuildFile section */

/* Begin PBXContainerItemProxy section */
		4465C0AF2CE26D2D00D92BE3 /* PBXContainerItemProxy */ = {
			isa = PBXContainerItemProxy;
			containerPortal = 4465C0962CE26D2C00D92BE3 /* Project object */;
			proxyType = 1;
			remoteGlobalIDString = 4465C09D2CE26D2C00D92BE3;
			remoteInfo = "Sun and Serve Tennis Club";
		};
		4465C0B92CE26D2D00D92BE3 /* PBXContainerItemProxy */ = {
			isa = PBXContainerItemProxy;
			containerPortal = 4465C0962CE26D2C00D92BE3 /* Project object */;
			proxyType = 1;
			remoteGlobalIDString = 4465C09D2CE26D2C00D92BE3;
			remoteInfo = "Sun and Serve Tennis Club";
		};
/* End PBXContainerItemProxy section */

/* Begin PBXFileReference section */
		19A20D48FB74E318CCC33FB8 /* Pods-Sun and Serve Tennis Club.debug.xcconfig */ = {isa = PBXFileReference; includeInIndex = 1; lastKnownFileType = text.xcconfig; name = "Pods-Sun and Serve Tennis Club.debug.xcconfig"; path = "Target Support Files/Pods-Sun and Serve Tennis Club/Pods-Sun and Serve Tennis Club.debug.xcconfig"; sourceTree = "<group>"; };
		39322624B07ED42A5F1CF548 /* Pods-Sun and Serve Tennis Club.release.xcconfig */ = {isa = PBXFileReference; includeInIndex = 1; lastKnownFileType = text.xcconfig; name = "Pods-Sun and Serve Tennis Club.release.xcconfig"; path = "Target Support Files/Pods-Sun and Serve Tennis Club/Pods-Sun and Serve Tennis Club.release.xcconfig"; sourceTree = "<group>"; };
		4465C09E2CE26D2C00D92BE3 /* Sun and Serve Tennis Club.app */ = {isa = PBXFileReference; explicitFileType = wrapper.application; includeInIndex = 0; path = "Sun and Serve Tennis Club.app"; sourceTree = BUILT_PRODUCTS_DIR; };
		4465C0AE2CE26D2D00D92BE3 /* Sun and Serve Tennis ClubTests.xctest */ = {isa = PBXFileReference; explicitFileType = wrapper.cfbundle; includeInIndex = 0; path = "Sun and Serve Tennis ClubTests.xctest"; sourceTree = BUILT_PRODUCTS_DIR; };
		4465C0B82CE26D2D00D92BE3 /* Sun and Serve Tennis ClubUITests.xctest */ = {isa = PBXFileReference; explicitFileType = wrapper.cfbundle; includeInIndex = 0; path = "Sun and Serve Tennis ClubUITests.xctest"; sourceTree = BUILT_PRODUCTS_DIR; };
		44D4C1902D4F938E00FF3613 /* GoogleService-Info.plist */ = {isa = PBXFileReference; lastKnownFileType = text.plist.xml; path = "GoogleService-Info.plist"; sourceTree = "<group>"; };
		6F69FAEAB231EBFBA373B865 /* Pods_Sun_and_Serve_Tennis_Club.framework */ = {isa = PBXFileReference; explicitFileType = wrapper.framework; includeInIndex = 0; path = Pods_Sun_and_Serve_Tennis_Club.framework; sourceTree = BUILT_PRODUCTS_DIR; };
		B3F9BB00759E67574FB2AE2C /* Pods_Sun_and_Serve_Tennis_ClubTests.framework */ = {isa = PBXFileReference; explicitFileType = wrapper.framework; includeInIndex = 0; path = Pods_Sun_and_Serve_Tennis_ClubTests.framework; sourceTree = BUILT_PRODUCTS_DIR; };
		B4EB96199050A153A78C7CF1 /* Pods-Sun and Serve Tennis Club-Sun and Serve Tennis ClubUITests.release.xcconfig */ = {isa = PBXFileReference; includeInIndex = 1; lastKnownFileType = text.xcconfig; name = "Pods-Sun and Serve Tennis Club-Sun and Serve Tennis ClubUITests.release.xcconfig"; path = "Target Support Files/Pods-Sun and Serve Tennis Club-Sun and Serve Tennis ClubUITests/Pods-Sun and Serve Tennis Club-Sun and Serve Tennis ClubUITests.release.xcconfig"; sourceTree = "<group>"; };
		E607711AA3D62AE7B5EF00C4 /* Pods-Sun and Serve Tennis Club-Sun and Serve Tennis ClubUITests.debug.xcconfig */ = {isa = PBXFileReference; includeInIndex = 1; lastKnownFileType = text.xcconfig; name = "Pods-Sun and Serve Tennis Club-Sun and Serve Tennis ClubUITests.debug.xcconfig"; path = "Target Support Files/Pods-Sun and Serve Tennis Club-Sun and Serve Tennis ClubUITests/Pods-Sun and Serve Tennis Club-Sun and Serve Tennis ClubUITests.debug.xcconfig"; sourceTree = "<group>"; };
		EB5FB24EF72C05C2C2D6E82C /* Pods-Sun and Serve Tennis ClubTests.release.xcconfig */ = {isa = PBXFileReference; includeInIndex = 1; lastKnownFileType = text.xcconfig; name = "Pods-Sun and Serve Tennis ClubTests.release.xcconfig"; path = "Target Support Files/Pods-Sun and Serve Tennis ClubTests/Pods-Sun and Serve Tennis ClubTests.release.xcconfig"; sourceTree = "<group>"; };
		EF8232408A56C16999819960 /* Pods_Sun_and_Serve_Tennis_Club_Sun_and_Serve_Tennis_ClubUITests.framework */ = {isa = PBXFileReference; explicitFileType = wrapper.framework; includeInIndex = 0; path = Pods_Sun_and_Serve_Tennis_Club_Sun_and_Serve_Tennis_ClubUITests.framework; sourceTree = BUILT_PRODUCTS_DIR; };
		F3440C0B9B5D3E293B6E49F6 /* Pods-Sun and Serve Tennis ClubTests.debug.xcconfig */ = {isa = PBXFileReference; includeInIndex = 1; lastKnownFileType = text.xcconfig; name = "Pods-Sun and Serve Tennis ClubTests.debug.xcconfig"; path = "Target Support Files/Pods-Sun and Serve Tennis ClubTests/Pods-Sun and Serve Tennis ClubTests.debug.xcconfig"; sourceTree = "<group>"; };
/* End PBXFileReference section */

/* Begin PBXFileSystemSynchronizedRootGroup section */
		4465C0A02CE26D2C00D92BE3 /* Sun and Serve Tennis Club */ = {
			isa = PBXFileSystemSynchronizedRootGroup;
			path = "Sun and Serve Tennis Club";
			sourceTree = "<group>";
		};
		4465C0B12CE26D2D00D92BE3 /* Sun and Serve Tennis ClubTests */ = {
			isa = PBXFileSystemSynchronizedRootGroup;
			path = "Sun and Serve Tennis ClubTests";
			sourceTree = "<group>";
		};
		4465C0BB2CE26D2D00D92BE3 /* Sun and Serve Tennis ClubUITests */ = {
			isa = PBXFileSystemSynchronizedRootGroup;
			path = "Sun and Serve Tennis ClubUITests";
			sourceTree = "<group>";
		};
/* End PBXFileSystemSynchronizedRootGroup section */

/* Begin PBXFrameworksBuildPhase section */
		4465C09B2CE26D2C00D92BE3 /* Frameworks */ = {
			isa = PBXFrameworksBuildPhase;
			buildActionMask = 2147483647;
			files = (
				83275FE86D80CB3469626810 /* Pods_Sun_and_Serve_Tennis_Club.framework in Frameworks */,
			);
			runOnlyForDeploymentPostprocessing = 0;
		};
		4465C0AB2CE26D2D00D92BE3 /* Frameworks */ = {
			isa = PBXFrameworksBuildPhase;
			buildActionMask = 2147483647;
			files = (
				DCEB3E92FEEADF40E0D043DB /* Pods_Sun_and_Serve_Tennis_ClubTests.framework in Frameworks */,
			);
			runOnlyForDeploymentPostprocessing = 0;
		};
		4465C0B52CE26D2D00D92BE3 /* Frameworks */ = {
			isa = PBXFrameworksBuildPhase;
			buildActionMask = 2147483647;
			files = (
				5F7D21FC31DC4FF57AC3BE47 /* Pods_Sun_and_Serve_Tennis_Club_Sun_and_Serve_Tennis_ClubUITests.framework in Frameworks */,
			);
			runOnlyForDeploymentPostprocessing = 0;
		};
/* End PBXFrameworksBuildPhase section */

/* Begin PBXGroup section */
		4465C0952CE26D2C00D92BE3 = {
			isa = PBXGroup;
			children = (
				44D4C1902D4F938E00FF3613 /* GoogleService-Info.plist */,
				4465C0A02CE26D2C00D92BE3 /* Sun and Serve Tennis Club */,
				4465C0B12CE26D2D00D92BE3 /* Sun and Serve Tennis ClubTests */,
				4465C0BB2CE26D2D00D92BE3 /* Sun and Serve Tennis ClubUITests */,
				4465C09F2CE26D2C00D92BE3 /* Products */,
				5FDA557EFE90B62233BFEDD4 /* Pods */,
				D8351F1D8E92FAD1D15C4C8E /* Frameworks */,
			);
			sourceTree = "<group>";
		};
		4465C09F2CE26D2C00D92BE3 /* Products */ = {
			isa = PBXGroup;
			children = (
				4465C09E2CE26D2C00D92BE3 /* Sun and Serve Tennis Club.app */,
				4465C0AE2CE26D2D00D92BE3 /* Sun and Serve Tennis ClubTests.xctest */,
				4465C0B82CE26D2D00D92BE3 /* Sun and Serve Tennis ClubUITests.xctest */,
			);
			name = Products;
			sourceTree = "<group>";
		};
		5FDA557EFE90B62233BFEDD4 /* Pods */ = {
			isa = PBXGroup;
			children = (
				19A20D48FB74E318CCC33FB8 /* Pods-Sun and Serve Tennis Club.debug.xcconfig */,
				39322624B07ED42A5F1CF548 /* Pods-Sun and Serve Tennis Club.release.xcconfig */,
				E607711AA3D62AE7B5EF00C4 /* Pods-Sun and Serve Tennis Club-Sun and Serve Tennis ClubUITests.debug.xcconfig */,
				B4EB96199050A153A78C7CF1 /* Pods-Sun and Serve Tennis Club-Sun and Serve Tennis ClubUITests.release.xcconfig */,
				F3440C0B9B5D3E293B6E49F6 /* Pods-Sun and Serve Tennis ClubTests.debug.xcconfig */,
				EB5FB24EF72C05C2C2D6E82C /* Pods-Sun and Serve Tennis ClubTests.release.xcconfig */,
			);
			path = Pods;
			sourceTree = "<group>";
		};
		D8351F1D8E92FAD1D15C4C8E /* Frameworks */ = {
			isa = PBXGroup;
			children = (
				6F69FAEAB231EBFBA373B865 /* Pods_Sun_and_Serve_Tennis_Club.framework */,
				EF8232408A56C16999819960 /* Pods_Sun_and_Serve_Tennis_Club_Sun_and_Serve_Tennis_ClubUITests.framework */,
				B3F9BB00759E67574FB2AE2C /* Pods_Sun_and_Serve_Tennis_ClubTests.framework */,
			);
			name = Frameworks;
			sourceTree = "<group>";
		};
/* End PBXGroup section */

/* Begin PBXNativeTarget section */
		4465C09D2CE26D2C00D92BE3 /* Sun and Serve Tennis Club */ = {
			isa = PBXNativeTarget;
			buildConfigurationList = 4465C0C22CE26D2D00D92BE3 /* Build configuration list for PBXNativeTarget "Sun and Serve Tennis Club" */;
			buildPhases = (
				4B549FD6E244ADDDC919E731 /* [CP] Check Pods Manifest.lock */,
				4465C09A2CE26D2C00D92BE3 /* Sources */,
				4465C09B2CE26D2C00D92BE3 /* Frameworks */,
				4465C09C2CE26D2C00D92BE3 /* Resources */,
				E3EC72E8CFBD16C919B9BFD6 /* [CP] Copy Pods Resources */,
			);
			buildRules = (
			);
			dependencies = (
			);
			fileSystemSynchronizedGroups = (
				4465C0A02CE26D2C00D92BE3 /* Sun and Serve Tennis Club */,
			);
			name = "Sun and Serve Tennis Club";
			productName = "Sun and Serve Tennis Club";
			productReference = 4465C09E2CE26D2C00D92BE3 /* Sun and Serve Tennis Club.app */;
			productType = "com.apple.product-type.application";
		};
		4465C0AD2CE26D2D00D92BE3 /* Sun and Serve Tennis ClubTests */ = {
			isa = PBXNativeTarget;
			buildConfigurationList = 4465C0C52CE26D2D00D92BE3 /* Build configuration list for PBXNativeTarget "Sun and Serve Tennis ClubTests" */;
			buildPhases = (
				D573C06529152CB83EB7216C /* [CP] Check Pods Manifest.lock */,
				4465C0AA2CE26D2D00D92BE3 /* Sources */,
				4465C0AB2CE26D2D00D92BE3 /* Frameworks */,
				4465C0AC2CE26D2D00D92BE3 /* Resources */,
			);
			buildRules = (
			);
			dependencies = (
				4465C0B02CE26D2D00D92BE3 /* PBXTargetDependency */,
			);
			fileSystemSynchronizedGroups = (
				4465C0B12CE26D2D00D92BE3 /* Sun and Serve Tennis ClubTests */,
			);
			name = "Sun and Serve Tennis ClubTests";
			productName = "Sun and Serve Tennis ClubTests";
			productReference = 4465C0AE2CE26D2D00D92BE3 /* Sun and Serve Tennis ClubTests.xctest */;
			productType = "com.apple.product-type.bundle.unit-test";
		};
		4465C0B72CE26D2D00D92BE3 /* Sun and Serve Tennis ClubUITests */ = {
			isa = PBXNativeTarget;
			buildConfigurationList = 4465C0C82CE26D2D00D92BE3 /* Build configuration list for PBXNativeTarget "Sun and Serve Tennis ClubUITests" */;
			buildPhases = (
				A2A935885C9D5DE0013A14DD /* [CP] Check Pods Manifest.lock */,
				4465C0B42CE26D2D00D92BE3 /* Sources */,
				4465C0B52CE26D2D00D92BE3 /* Frameworks */,
				4465C0B62CE26D2D00D92BE3 /* Resources */,
				77E91E6438E9FDB31DB0AED5 /* [CP] Copy Pods Resources */,
			);
			buildRules = (
			);
			dependencies = (
				4465C0BA2CE26D2D00D92BE3 /* PBXTargetDependency */,
			);
			fileSystemSynchronizedGroups = (
				4465C0BB2CE26D2D00D92BE3 /* Sun and Serve Tennis ClubUITests */,
			);
			name = "Sun and Serve Tennis ClubUITests";
			productName = "Sun and Serve Tennis ClubUITests";
			productReference = 4465C0B82CE26D2D00D92BE3 /* Sun and Serve Tennis ClubUITests.xctest */;
			productType = "com.apple.product-type.bundle.ui-testing";
		};
/* End PBXNativeTarget section */

/* Begin PBXProject section */
		4465C0962CE26D2C00D92BE3 /* Project object */ = {
			isa = PBXProject;
			attributes = {
				BuildIndependentTargetsInParallel = 1;
				LastSwiftUpdateCheck = 1600;
				LastUpgradeCheck = 1600;
				TargetAttributes = {
					4465C09D2CE26D2C00D92BE3 = {
						CreatedOnToolsVersion = 16.0;
					};
					4465C0AD2CE26D2D00D92BE3 = {
						CreatedOnToolsVersion = 16.0;
						TestTargetID = 4465C09D2CE26D2C00D92BE3;
					};
					4465C0B72CE26D2D00D92BE3 = {
						CreatedOnToolsVersion = 16.0;
						TestTargetID = 4465C09D2CE26D2C00D92BE3;
					};
				};
			};
			buildConfigurationList = 4465C0992CE26D2C00D92BE3 /* Build configuration list for PBXProject "Sun and Serve Tennis Club" */;
			developmentRegion = en;
			hasScannedForEncodings = 0;
			knownRegions = (
				en,
				Base,
			);
			mainGroup = 4465C0952CE26D2C00D92BE3;
			minimizedProjectReferenceProxies = 1;
			preferredProjectObjectVersion = 77;
			productRefGroup = 4465C09F2CE26D2C00D92BE3 /* Products */;
			projectDirPath = "";
			projectRoot = "";
			targets = (
				4465C09D2CE26D2C00D92BE3 /* Sun and Serve Tennis Club */,
				4465C0AD2CE26D2D00D92BE3 /* Sun and Serve Tennis ClubTests */,
				4465C0B72CE26D2D00D92BE3 /* Sun and Serve Tennis ClubUITests */,
			);
		};
/* End PBXProject section */

/* Begin PBXResourcesBuildPhase section */
		4465C09C2CE26D2C00D92BE3 /* Resources */ = {
			isa = PBXResourcesBuildPhase;
			buildActionMask = 2147483647;
			files = (
				44D4C1912D4F938E00FF3613 /* GoogleService-Info.plist in Resources */,
			);
			runOnlyForDeploymentPostprocessing = 0;
		};
		4465C0AC2CE26D2D00D92BE3 /* Resources */ = {
			isa = PBXResourcesBuildPhase;
			buildActionMask = 2147483647;
			files = (
			);
			runOnlyForDeploymentPostprocessing = 0;
		};
		4465C0B62CE26D2D00D92BE3 /* Resources */ = {
			isa = PBXResourcesBuildPhase;
			buildActionMask = 2147483647;
			files = (
			);
			runOnlyForDeploymentPostprocessing = 0;
		};
/* End PBXResourcesBuildPhase section */

/* Begin PBXShellScriptBuildPhase section */
		4B549FD6E244ADDDC919E731 /* [CP] Check Pods Manifest.lock */ = {
			isa = PBXShellScriptBuildPhase;
			buildActionMask = 2147483647;
			files = (
			);
			inputFileListPaths = (
			);
			inputPaths = (
				"${PODS_PODFILE_DIR_PATH}/Podfile.lock",
				"${PODS_ROOT}/Manifest.lock",
			);
			name = "[CP] Check Pods Manifest.lock";
			outputFileListPaths = (
			);
			outputPaths = (
				"$(DERIVED_FILE_DIR)/Pods-Sun and Serve Tennis Club-checkManifestLockResult.txt",
			);
			runOnlyForDeploymentPostprocessing = 0;
			shellPath = /bin/sh;
			shellScript = "diff \"${PODS_PODFILE_DIR_PATH}/Podfile.lock\" \"${PODS_ROOT}/Manifest.lock\" > /dev/null\nif [ $? != 0 ] ; then\n    # print error to STDERR\n    echo \"error: The sandbox is not in sync with the Podfile.lock. Run 'pod install' or update your CocoaPods installation.\" >&2\n    exit 1\nfi\n# This output is used by Xcode 'outputs' to avoid re-running this script phase.\necho \"SUCCESS\" > \"${SCRIPT_OUTPUT_FILE_0}\"\n";
			showEnvVarsInLog = 0;
		};
		77E91E6438E9FDB31DB0AED5 /* [CP] Copy Pods Resources */ = {
			isa = PBXShellScriptBuildPhase;
			buildActionMask = 2147483647;
			files = (
			);
			inputFileListPaths = (
				"${PODS_ROOT}/Target Support Files/Pods-Sun and Serve Tennis Club-Sun and Serve Tennis ClubUITests/Pods-Sun and Serve Tennis Club-Sun and Serve Tennis ClubUITests-resources-${CONFIGURATION}-input-files.xcfilelist",
			);
			name = "[CP] Copy Pods Resources";
			outputFileListPaths = (
				"${PODS_ROOT}/Target Support Files/Pods-Sun and Serve Tennis Club-Sun and Serve Tennis ClubUITests/Pods-Sun and Serve Tennis Club-Sun and Serve Tennis ClubUITests-resources-${CONFIGURATION}-output-files.xcfilelist",
			);
			runOnlyForDeploymentPostprocessing = 0;
			shellPath = /bin/sh;
			shellScript = "\"${PODS_ROOT}/Target Support Files/Pods-Sun and Serve Tennis Club-Sun and Serve Tennis ClubUITests/Pods-Sun and Serve Tennis Club-Sun and Serve Tennis ClubUITests-resources.sh\"\n";
			showEnvVarsInLog = 0;
		};
		A2A935885C9D5DE0013A14DD /* [CP] Check Pods Manifest.lock */ = {
			isa = PBXShellScriptBuildPhase;
			buildActionMask = 2147483647;
			files = (
			);
			inputFileListPaths = (
			);
			inputPaths = (
				"${PODS_PODFILE_DIR_PATH}/Podfile.lock",
				"${PODS_ROOT}/Manifest.lock",
			);
			name = "[CP] Check Pods Manifest.lock";
			outputFileListPaths = (
			);
			outputPaths = (
				"$(DERIVED_FILE_DIR)/Pods-Sun and Serve Tennis Club-Sun and Serve Tennis ClubUITests-checkManifestLockResult.txt",
			);
			runOnlyForDeploymentPostprocessing = 0;
			shellPath = /bin/sh;
			shellScript = "diff \"${PODS_PODFILE_DIR_PATH}/Podfile.lock\" \"${PODS_ROOT}/Manifest.lock\" > /dev/null\nif [ $? != 0 ] ; then\n    # print error to STDERR\n    echo \"error: The sandbox is not in sync with the Podfile.lock. Run 'pod install' or update your CocoaPods installation.\" >&2\n    exit 1\nfi\n# This output is used by Xcode 'outputs' to avoid re-running this script phase.\necho \"SUCCESS\" > \"${SCRIPT_OUTPUT_FILE_0}\"\n";
			showEnvVarsInLog = 0;
		};
		D573C06529152CB83EB7216C /* [CP] Check Pods Manifest.lock */ = {
			isa = PBXShellScriptBuildPhase;
			buildActionMask = 2147483647;
			files = (
			);
			inputFileListPaths = (
			);
			inputPaths = (
				"${PODS_PODFILE_DIR_PATH}/Podfile.lock",
				"${PODS_ROOT}/Manifest.lock",
			);
			name = "[CP] Check Pods Manifest.lock";
			outputFileListPaths = (
			);
			outputPaths = (
				"$(DERIVED_FILE_DIR)/Pods-Sun and Serve Tennis ClubTests-checkManifestLockResult.txt",
			);
			runOnlyForDeploymentPostprocessing = 0;
			shellPath = /bin/sh;
			shellScript = "diff \"${PODS_PODFILE_DIR_PATH}/Podfile.lock\" \"${PODS_ROOT}/Manifest.lock\" > /dev/null\nif [ $? != 0 ] ; then\n    # print error to STDERR\n    echo \"error: The sandbox is not in sync with the Podfile.lock. Run 'pod install' or update your CocoaPods installation.\" >&2\n    exit 1\nfi\n# This output is used by Xcode 'outputs' to avoid re-running this script phase.\necho \"SUCCESS\" > \"${SCRIPT_OUTPUT_FILE_0}\"\n";
			showEnvVarsInLog = 0;
		};
		E3EC72E8CFBD16C919B9BFD6 /* [CP] Copy Pods Resources */ = {
			isa = PBXShellScriptBuildPhase;
			buildActionMask = 2147483647;
			files = (
			);
			inputFileListPaths = (
				"${PODS_ROOT}/Target Support Files/Pods-Sun and Serve Tennis Club/Pods-Sun and Serve Tennis Club-resources-${CONFIGURATION}-input-files.xcfilelist",
			);
			name = "[CP] Copy Pods Resources";
			outputFileListPaths = (
				"${PODS_ROOT}/Target Support Files/Pods-Sun and Serve Tennis Club/Pods-Sun and Serve Tennis Club-resources-${CONFIGURATION}-output-files.xcfilelist",
			);
			runOnlyForDeploymentPostprocessing = 0;
			shellPath = /bin/sh;
			shellScript = "\"${PODS_ROOT}/Target Support Files/Pods-Sun and Serve Tennis Club/Pods-Sun and Serve Tennis Club-resources.sh\"\n";
			showEnvVarsInLog = 0;
		};
/* End PBXShellScriptBuildPhase section */

/* Begin PBXSourcesBuildPhase section */
		4465C09A2CE26D2C00D92BE3 /* Sources */ = {
			isa = PBXSourcesBuildPhase;
			buildActionMask = 2147483647;
			files = (
			);
			runOnlyForDeploymentPostprocessing = 0;
		};
		4465C0AA2CE26D2D00D92BE3 /* Sources */ = {
			isa = PBXSourcesBuildPhase;
			buildActionMask = 2147483647;
			files = (
			);
			runOnlyForDeploymentPostprocessing = 0;
		};
		4465C0B42CE26D2D00D92BE3 /* Sources */ = {
			isa = PBXSourcesBuildPhase;
			buildActionMask = 2147483647;
			files = (
			);
			runOnlyForDeploymentPostprocessing = 0;
		};
/* End PBXSourcesBuildPhase section */

/* Begin PBXTargetDependency section */
		4465C0B02CE26D2D00D92BE3 /* PBXTargetDependency */ = {
			isa = PBXTargetDependency;
			target = 4465C09D2CE26D2C00D92BE3 /* Sun and Serve Tennis Club */;
			targetProxy = 4465C0AF2CE26D2D00D92BE3 /* PBXContainerItemProxy */;
		};
		4465C0BA2CE26D2D00D92BE3 /* PBXTargetDependency */ = {
			isa = PBXTargetDependency;
			target = 4465C09D2CE26D2C00D92BE3 /* Sun and Serve Tennis Club */;
			targetProxy = 4465C0B92CE26D2D00D92BE3 /* PBXContainerItemProxy */;
		};
/* End PBXTargetDependency section */

/* Begin XCBuildConfiguration section */
		4465C0C02CE26D2D00D92BE3 /* Debug */ = {
			isa = XCBuildConfiguration;
			buildSettings = {
				ALWAYS_SEARCH_USER_PATHS = NO;
				ASSETCATALOG_COMPILER_GENERATE_SWIFT_ASSET_SYMBOL_EXTENSIONS = YES;
				CLANG_ANALYZER_NONNULL = YES;
				CLANG_ANALYZER_NUMBER_OBJECT_CONVERSION = YES_AGGRESSIVE;
				CLANG_CXX_LANGUAGE_STANDARD = "gnu++20";
				CLANG_ENABLE_MODULES = YES;
				CLANG_ENABLE_OBJC_ARC = YES;
				CLANG_ENABLE_OBJC_WEAK = YES;
				CLANG_WARN_BLOCK_CAPTURE_AUTORELEASING = YES;
				CLANG_WARN_BOOL_CONVERSION = YES;
				CLANG_WARN_COMMA = YES;
				CLANG_WARN_CONSTANT_CONVERSION = YES;
				CLANG_WARN_DEPRECATED_OBJC_IMPLEMENTATIONS = YES;
				CLANG_WARN_DIRECT_OBJC_ISA_USAGE = YES_ERROR;
				CLANG_WARN_DOCUMENTATION_COMMENTS = YES;
				CLANG_WARN_EMPTY_BODY = YES;
				CLANG_WARN_ENUM_CONVERSION = YES;
				CLANG_WARN_INFINITE_RECURSION = YES;
				CLANG_WARN_INT_CONVERSION = YES;
				CLANG_WARN_NON_LITERAL_NULL_CONVERSION = YES;
				CLANG_WARN_OBJC_IMPLICIT_RETAIN_SELF = YES;
				CLANG_WARN_OBJC_LITERAL_CONVERSION = YES;
				CLANG_WARN_OBJC_ROOT_CLASS = YES_ERROR;
				CLANG_WARN_QUOTED_INCLUDE_IN_FRAMEWORK_HEADER = YES;
				CLANG_WARN_RANGE_LOOP_ANALYSIS = YES;
				CLANG_WARN_STRICT_PROTOTYPES = YES;
				CLANG_WARN_SUSPICIOUS_MOVE = YES;
				CLANG_WARN_UNGUARDED_AVAILABILITY = YES_AGGRESSIVE;
				CLANG_WARN_UNREACHABLE_CODE = YES;
				CLANG_WARN__DUPLICATE_METHOD_MATCH = YES;
				COPY_PHASE_STRIP = NO;
				DEBUG_INFORMATION_FORMAT = dwarf;
				ENABLE_STRICT_OBJC_MSGSEND = YES;
				ENABLE_TESTABILITY = YES;
				ENABLE_USER_SCRIPT_SANDBOXING = NO;
				GCC_C_LANGUAGE_STANDARD = gnu17;
				GCC_DYNAMIC_NO_PIC = NO;
				GCC_NO_COMMON_BLOCKS = YES;
				GCC_OPTIMIZATION_LEVEL = 0;
				GCC_PREPROCESSOR_DEFINITIONS = (
					"DEBUG=1",
					"$(inherited)",
				);
				GCC_WARN_64_TO_32_BIT_CONVERSION = YES;
				GCC_WARN_ABOUT_RETURN_TYPE = YES_ERROR;
				GCC_WARN_UNDECLARED_SELECTOR = YES;
				GCC_WARN_UNINITIALIZED_AUTOS = YES_AGGRESSIVE;
				GCC_WARN_UNUSED_FUNCTION = YES;
				GCC_WARN_UNUSED_VARIABLE = YES;
				IPHONEOS_DEPLOYMENT_TARGET = 18.0;
				LOCALIZATION_PREFERS_STRING_CATALOGS = YES;
				MTL_ENABLE_DEBUG_INFO = INCLUDE_SOURCE;
				MTL_FAST_MATH = YES;
				ONLY_ACTIVE_ARCH = YES;
				SDKROOT = iphoneos;
				SWIFT_ACTIVE_COMPILATION_CONDITIONS = "DEBUG $(inherited)";
				SWIFT_OPTIMIZATION_LEVEL = "-Onone";
			};
			name = Debug;
		};
		4465C0C12CE26D2D00D92BE3 /* Release */ = {
			isa = XCBuildConfiguration;
			buildSettings = {
				ALWAYS_SEARCH_USER_PATHS = NO;
				ASSETCATALOG_COMPILER_GENERATE_SWIFT_ASSET_SYMBOL_EXTENSIONS = YES;
				CLANG_ANALYZER_NONNULL = YES;
				CLANG_ANALYZER_NUMBER_OBJECT_CONVERSION = YES_AGGRESSIVE;
				CLANG_CXX_LANGUAGE_STANDARD = "gnu++20";
				CLANG_ENABLE_MODULES = YES;
				CLANG_ENABLE_OBJC_ARC = YES;
				CLANG_ENABLE_OBJC_WEAK = YES;
				CLANG_WARN_BLOCK_CAPTURE_AUTORELEASING = YES;
				CLANG_WARN_BOOL_CONVERSION = YES;
				CLANG_WARN_COMMA = YES;
				CLANG_WARN_CONSTANT_CONVERSION = YES;
				CLANG_WARN_DEPRECATED_OBJC_IMPLEMENTATIONS = YES;
				CLANG_WARN_DIRECT_OBJC_ISA_USAGE = YES_ERROR;
				CLANG_WARN_DOCUMENTATION_COMMENTS = YES;
				CLANG_WARN_EMPTY_BODY = YES;
				CLANG_WARN_ENUM_CONVERSION = YES;
				CLANG_WARN_INFINITE_RECURSION = YES;
				CLANG_WARN_INT_CONVERSION = YES;
				CLANG_WARN_NON_LITERAL_NULL_CONVERSION = YES;
				CLANG_WARN_OBJC_IMPLICIT_RETAIN_SELF = YES;
				CLANG_WARN_OBJC_LITERAL_CONVERSION = YES;
				CLANG_WARN_OBJC_ROOT_CLASS = YES_ERROR;
				CLANG_WARN_QUOTED_INCLUDE_IN_FRAMEWORK_HEADER = YES;
				CLANG_WARN_RANGE_LOOP_ANALYSIS = YES;
				CLANG_WARN_STRICT_PROTOTYPES = YES;
				CLANG_WARN_SUSPICIOUS_MOVE = YES;
				CLANG_WARN_UNGUARDED_AVAILABILITY = YES_AGGRESSIVE;
				CLANG_WARN_UNREACHABLE_CODE = YES;
				CLANG_WARN__DUPLICATE_METHOD_MATCH = YES;
				COPY_PHASE_STRIP = NO;
				DEBUG_INFORMATION_FORMAT = "dwarf-with-dsym";
				ENABLE_NS_ASSERTIONS = NO;
				ENABLE_STRICT_OBJC_MSGSEND = YES;
				ENABLE_USER_SCRIPT_SANDBOXING = NO;
				GCC_C_LANGUAGE_STANDARD = gnu17;
				GCC_NO_COMMON_BLOCKS = YES;
				GCC_WARN_64_TO_32_BIT_CONVERSION = YES;
				GCC_WARN_ABOUT_RETURN_TYPE = YES_ERROR;
				GCC_WARN_UNDECLARED_SELECTOR = YES;
				GCC_WARN_UNINITIALIZED_AUTOS = YES_AGGRESSIVE;
				GCC_WARN_UNUSED_FUNCTION = YES;
				GCC_WARN_UNUSED_VARIABLE = YES;
				IPHONEOS_DEPLOYMENT_TARGET = 18.0;
				LOCALIZATION_PREFERS_STRING_CATALOGS = YES;
				MTL_ENABLE_DEBUG_INFO = NO;
				MTL_FAST_MATH = YES;
				SDKROOT = iphoneos;
				SWIFT_COMPILATION_MODE = wholemodule;
				VALIDATE_PRODUCT = YES;
			};
			name = Release;
		};
		4465C0C32CE26D2D00D92BE3 /* Debug */ = {
			isa = XCBuildConfiguration;
			baseConfigurationReference = 19A20D48FB74E318CCC33FB8 /* Pods-Sun and Serve Tennis Club.debug.xcconfig */;
			buildSettings = {
				ASSETCATALOG_COMPILER_APPICON_NAME = AppIcon;
				ASSETCATALOG_COMPILER_GLOBAL_ACCENT_COLOR_NAME = AccentColor;
				CODE_SIGN_STYLE = Automatic;
				CURRENT_PROJECT_VERSION = 1;
				DEVELOPMENT_ASSET_PATHS = "\"Sun and Serve Tennis Club/Preview Content\"";
				DEVELOPMENT_TEAM = 2V9NZRN27H;
				ENABLE_PREVIEWS = YES;
				GENERATE_INFOPLIST_FILE = YES;
				INFOPLIST_FILE = "Sun-and-Serve-Tennis-Club-Info.plist";
				INFOPLIST_KEY_UIApplicationSceneManifest_Generation = YES;
				INFOPLIST_KEY_UIApplicationSupportsIndirectInputEvents = YES;
				INFOPLIST_KEY_UILaunchScreen_Generation = YES;
				INFOPLIST_KEY_UISupportedInterfaceOrientations_iPad = "UIInterfaceOrientationPortrait UIInterfaceOrientationPortraitUpsideDown UIInterfaceOrientationLandscapeLeft UIInterfaceOrientationLandscapeRight";
				INFOPLIST_KEY_UISupportedInterfaceOrientations_iPhone = "UIInterfaceOrientationPortrait UIInterfaceOrientationLandscapeLeft UIInterfaceOrientationLandscapeRight";
				LD_RUNPATH_SEARCH_PATHS = (
					"$(inherited)",
					"@executable_path/Frameworks",
				);
				MARKETING_VERSION = 1.0;
				PRODUCT_BUNDLE_IDENTIFIER = "adrkam.Sun-and-Serve-Tennis-Club";
				PRODUCT_NAME = "$(TARGET_NAME)";
				SWIFT_EMIT_LOC_STRINGS = YES;
				SWIFT_VERSION = 5.0;
				TARGETED_DEVICE_FAMILY = "1,2";
			};
			name = Debug;
		};
		4465C0C42CE26D2D00D92BE3 /* Release */ = {
			isa = XCBuildConfiguration;
			baseConfigurationReference = 39322624B07ED42A5F1CF548 /* Pods-Sun and Serve Tennis Club.release.xcconfig */;
			buildSettings = {
				ASSETCATALOG_COMPILER_APPICON_NAME = AppIcon;
				ASSETCATALOG_COMPILER_GLOBAL_ACCENT_COLOR_NAME = AccentColor;
				CODE_SIGN_STYLE = Automatic;
				CURRENT_PROJECT_VERSION = 1;
				DEVELOPMENT_ASSET_PATHS = "\"Sun and Serve Tennis Club/Preview Content\"";
				DEVELOPMENT_TEAM = 2V9NZRN27H;
				ENABLE_PREVIEWS = YES;
				GENERATE_INFOPLIST_FILE = YES;
				INFOPLIST_FILE = "Sun-and-Serve-Tennis-Club-Info.plist";
				INFOPLIST_KEY_UIApplicationSceneManifest_Generation = YES;
				INFOPLIST_KEY_UIApplicationSupportsIndirectInputEvents = YES;
				INFOPLIST_KEY_UILaunchScreen_Generation = YES;
				INFOPLIST_KEY_UISupportedInterfaceOrientations_iPad = "UIInterfaceOrientationPortrait UIInterfaceOrientationPortraitUpsideDown UIInterfaceOrientationLandscapeLeft UIInterfaceOrientationLandscapeRight";
				INFOPLIST_KEY_UISupportedInterfaceOrientations_iPhone = "UIInterfaceOrientationPortrait UIInterfaceOrientationLandscapeLeft UIInterfaceOrientationLandscapeRight";
				LD_RUNPATH_SEARCH_PATHS = (
					"$(inherited)",
					"@executable_path/Frameworks",
				);
				MARKETING_VERSION = 1.0;
				PRODUCT_BUNDLE_IDENTIFIER = "adrkam.Sun-and-Serve-Tennis-Club";
				PRODUCT_NAME = "$(TARGET_NAME)";
				SWIFT_EMIT_LOC_STRINGS = YES;
				SWIFT_VERSION = 5.0;
				TARGETED_DEVICE_FAMILY = "1,2";
			};
			name = Release;
		};
		4465C0C62CE26D2D00D92BE3 /* Debug */ = {
			isa = XCBuildConfiguration;
			baseConfigurationReference = F3440C0B9B5D3E293B6E49F6 /* Pods-Sun and Serve Tennis ClubTests.debug.xcconfig */;
			buildSettings = {
				BUNDLE_LOADER = "$(TEST_HOST)";
				CODE_SIGN_STYLE = Automatic;
				CURRENT_PROJECT_VERSION = 1;
				DEVELOPMENT_TEAM = 2V9NZRN27H;
				GENERATE_INFOPLIST_FILE = YES;
				IPHONEOS_DEPLOYMENT_TARGET = 18.0;
				MARKETING_VERSION = 1.0;
				PRODUCT_BUNDLE_IDENTIFIER = "adrkam.Sun-and-Serve-Tennis-ClubTests";
				PRODUCT_NAME = "$(TARGET_NAME)";
				SWIFT_EMIT_LOC_STRINGS = NO;
				SWIFT_VERSION = 5.0;
				TARGETED_DEVICE_FAMILY = "1,2";
				TEST_HOST = "$(BUILT_PRODUCTS_DIR)/Sun and Serve Tennis Club.app/$(BUNDLE_EXECUTABLE_FOLDER_PATH)/Sun and Serve Tennis Club";
			};
			name = Debug;
		};
		4465C0C72CE26D2D00D92BE3 /* Release */ = {
			isa = XCBuildConfiguration;
			baseConfigurationReference = EB5FB24EF72C05C2C2D6E82C /* Pods-Sun and Serve Tennis ClubTests.release.xcconfig */;
			buildSettings = {
				BUNDLE_LOADER = "$(TEST_HOST)";
				CODE_SIGN_STYLE = Automatic;
				CURRENT_PROJECT_VERSION = 1;
				DEVELOPMENT_TEAM = 2V9NZRN27H;
				GENERATE_INFOPLIST_FILE = YES;
				IPHONEOS_DEPLOYMENT_TARGET = 18.0;
				MARKETING_VERSION = 1.0;
				PRODUCT_BUNDLE_IDENTIFIER = "adrkam.Sun-and-Serve-Tennis-ClubTests";
				PRODUCT_NAME = "$(TARGET_NAME)";
				SWIFT_EMIT_LOC_STRINGS = NO;
				SWIFT_VERSION = 5.0;
				TARGETED_DEVICE_FAMILY = "1,2";
				TEST_HOST = "$(BUILT_PRODUCTS_DIR)/Sun and Serve Tennis Club.app/$(BUNDLE_EXECUTABLE_FOLDER_PATH)/Sun and Serve Tennis Club";
			};
			name = Release;
		};
		4465C0C92CE26D2D00D92BE3 /* Debug */ = {
			isa = XCBuildConfiguration;
			baseConfigurationReference = E607711AA3D62AE7B5EF00C4 /* Pods-Sun and Serve Tennis Club-Sun and Serve Tennis ClubUITests.debug.xcconfig */;
			buildSettings = {
				CODE_SIGN_STYLE = Automatic;
				CURRENT_PROJECT_VERSION = 1;
				DEVELOPMENT_TEAM = 2V9NZRN27H;
				GENERATE_INFOPLIST_FILE = YES;
				MARKETING_VERSION = 1.0;
				PRODUCT_BUNDLE_IDENTIFIER = "adrkam.Sun-and-Serve-Tennis-ClubUITests";
				PRODUCT_NAME = "$(TARGET_NAME)";
				SWIFT_EMIT_LOC_STRINGS = NO;
				SWIFT_VERSION = 5.0;
				TARGETED_DEVICE_FAMILY = "1,2";
				TEST_TARGET_NAME = "Sun and Serve Tennis Club";
			};
			name = Debug;
		};
		4465C0CA2CE26D2D00D92BE3 /* Release */ = {
			isa = XCBuildConfiguration;
			baseConfigurationReference = B4EB96199050A153A78C7CF1 /* Pods-Sun and Serve Tennis Club-Sun and Serve Tennis ClubUITests.release.xcconfig */;
			buildSettings = {
				CODE_SIGN_STYLE = Automatic;
				CURRENT_PROJECT_VERSION = 1;
				DEVELOPMENT_TEAM = 2V9NZRN27H;
				GENERATE_INFOPLIST_FILE = YES;
				MARKETING_VERSION = 1.0;
				PRODUCT_BUNDLE_IDENTIFIER = "adrkam.Sun-and-Serve-Tennis-ClubUITests";
				PRODUCT_NAME = "$(TARGET_NAME)";
				SWIFT_EMIT_LOC_STRINGS = NO;
				SWIFT_VERSION = 5.0;
				TARGETED_DEVICE_FAMILY = "1,2";
				TEST_TARGET_NAME = "Sun and Serve Tennis Club";
			};
			name = Release;
		};
/* End XCBuildConfiguration section */

/* Begin XCConfigurationList section */
		4465C0992CE26D2C00D92BE3 /* Build configuration list for PBXProject "Sun and Serve Tennis Club" */ = {
			isa = XCConfigurationList;
			buildConfigurations = (
				4465C0C02CE26D2D00D92BE3 /* Debug */,
				4465C0C12CE26D2D00D92BE3 /* Release */,
			);
			defaultConfigurationIsVisible = 0;
			defaultConfigurationName = Release;
		};
		4465C0C22CE26D2D00D92BE3 /* Build configuration list for PBXNativeTarget "Sun and Serve Tennis Club" */ = {
			isa = XCConfigurationList;
			buildConfigurations = (
				4465C0C32CE26D2D00D92BE3 /* Debug */,
				4465C0C42CE26D2D00D92BE3 /* Release */,
			);
			defaultConfigurationIsVisible = 0;
			defaultConfigurationName = Release;
		};
		4465C0C52CE26D2D00D92BE3 /* Build configuration list for PBXNativeTarget "Sun and Serve Tennis ClubTests" */ = {
			isa = XCConfigurationList;
			buildConfigurations = (
				4465C0C62CE26D2D00D92BE3 /* Debug */,
				4465C0C72CE26D2D00D92BE3 /* Release */,
			);
			defaultConfigurationIsVisible = 0;
			defaultConfigurationName = Release;
		};
		4465C0C82CE26D2D00D92BE3 /* Build configuration list for PBXNativeTarget "Sun and Serve Tennis ClubUITests" */ = {
			isa = XCConfigurationList;
			buildConfigurations = (
				4465C0C92CE26D2D00D92BE3 /* Debug */,
				4465C0CA2CE26D2D00D92BE3 /* Release */,
			);
			defaultConfigurationIsVisible = 0;
			defaultConfigurationName = Release;
		};
/* End XCConfigurationList section */
	};
	rootObject = 4465C0962CE26D2C00D92BE3 /* Project object */;
}
